<Project xmlns="http://schemas.microsoft.com/developer/msbuild/2003">
    <PropertyGroup>
        <ProjectGuid>{87563C63-6418-4764-86A0-5165D2BA68B7}</ProjectGuid>
        <ProjectVersion>15.3</ProjectVersion>
        <FrameworkType>VCL</FrameworkType>
        <MainSource>MiyelinMarking.dpr</MainSource>
        <Base>True</Base>
        <Config Condition="'$(Config)'==''">Debug</Config>
        <Platform Condition="'$(Platform)'==''">Win64</Platform>
        <TargetedPlatforms>3</TargetedPlatforms>
        <AppType>Application</AppType>
    </PropertyGroup>
    <PropertyGroup Condition="'$(Config)'=='Base' or '$(Base)'!=''">
        <Base>true</Base>
    </PropertyGroup>
    <PropertyGroup Condition="('$(Platform)'=='Win32' and '$(Base)'=='true') or '$(Base_Win32)'!=''">
        <Base_Win32>true</Base_Win32>
        <CfgParent>Base</CfgParent>
        <Base>true</Base>
    </PropertyGroup>
    <PropertyGroup Condition="('$(Platform)'=='Win64' and '$(Base)'=='true') or '$(Base_Win64)'!=''">
        <Base_Win64>true</Base_Win64>
        <CfgParent>Base</CfgParent>
        <Base>true</Base>
    </PropertyGroup>
    <PropertyGroup Condition="'$(Config)'=='Debug' or '$(Cfg_1)'!=''">
        <Cfg_1>true</Cfg_1>
        <CfgParent>Base</CfgParent>
        <Base>true</Base>
    </PropertyGroup>
    <PropertyGroup Condition="('$(Platform)'=='Win32' and '$(Cfg_1)'=='true') or '$(Cfg_1_Win32)'!=''">
        <Cfg_1_Win32>true</Cfg_1_Win32>
        <CfgParent>Cfg_1</CfgParent>
        <Cfg_1>true</Cfg_1>
        <Base>true</Base>
    </PropertyGroup>
    <PropertyGroup Condition="('$(Platform)'=='Win64' and '$(Cfg_1)'=='true') or '$(Cfg_1_Win64)'!=''">
        <Cfg_1_Win64>true</Cfg_1_Win64>
        <CfgParent>Cfg_1</CfgParent>
        <Cfg_1>true</Cfg_1>
        <Base>true</Base>
    </PropertyGroup>
    <PropertyGroup Condition="'$(Config)'=='Release' or '$(Cfg_2)'!=''">
        <Cfg_2>true</Cfg_2>
        <CfgParent>Base</CfgParent>
        <Base>true</Base>
    </PropertyGroup>
    <PropertyGroup Condition="('$(Platform)'=='Win64' and '$(Cfg_2)'=='true') or '$(Cfg_2_Win64)'!=''">
        <Cfg_2_Win64>true</Cfg_2_Win64>
        <CfgParent>Cfg_2</CfgParent>
        <Cfg_2>true</Cfg_2>
        <Base>true</Base>
    </PropertyGroup>
    <PropertyGroup Condition="'$(Base)'!=''">
        <DCC_Namespace>System;Xml;Data;Datasnap;Web;Soap;Vcl;Vcl.Imaging;Vcl.Touch;Vcl.Samples;Vcl.Shell;$(DCC_Namespace)</DCC_Namespace>
        <Icon_MainIcon>$(BDS)\bin\delphi_PROJECTICON.ico</Icon_MainIcon>
        <DCC_DcuOutput>.\$(Platform)\$(Config)</DCC_DcuOutput>
        <DCC_ExeOutput>.\$(Platform)\$(Config)</DCC_ExeOutput>
        <DCC_E>false</DCC_E>
        <DCC_N>false</DCC_N>
        <DCC_S>false</DCC_S>
        <DCC_F>false</DCC_F>
        <DCC_K>false</DCC_K>
    </PropertyGroup>
    <PropertyGroup Condition="'$(Base_Win32)'!=''">
        <DCC_Namespace>Winapi;System.Win;Data.Win;Datasnap.Win;Web.Win;Soap.Win;Xml.Win;Bde;$(DCC_Namespace)</DCC_Namespace>
        <Manifest_File>$(BDS)\bin\default_app.manifest</Manifest_File>
        <VerInfo_Locale>1033</VerInfo_Locale>
        <VerInfo_Keys>CompanyName=;FileDescription=;FileVersion=1.0.0.0;InternalName=;LegalCopyright=;LegalTrademarks=;OriginalFilename=;ProductName=;ProductVersion=1.0.0.0;Comments=</VerInfo_Keys>
        <DCC_UsePackage>JvGlobus;JvMM;JvManagedThreads;dxSkinLiquidSkyRS19;cxBarEditItemRS19;frxDBX19;FireDACPgDriver;dxWizardControlRS19;JvCrypt;dxPScxCommonRS19;dxThemeRS19;frx19;tmswizdXE5;cxGridRS19;dxPScxExtCommonRS19;DBXInterBaseDriver;DataSnapCommon;PKIECtrl19;JvNet;cxSchedulerRS19;JvDotNetCtrls;DbxCommonDriver;vclimg;dbxcds;dxFlowChartRS19;JvXPCtrls;dxSkinSpringTimeRS19;dxdbtrRS19;vcldb;dxDockingRS19;dxdborRS19;dxSkinsdxDLPainterRS19;cxSpreadSheetRS19;dxtrmdRS19;dxSpellCheckerRS19;CustomIPTransport;dxTileControlRS19;dsnap;IndyIPServer;dxSkinFoggyRS19;dxPSCoreRS19;IndyCore;cxSchedulerGridRS19;cxPivotGridOLAPRS19;dxSkinStardustRS19;CloudService;FmxTeeUI;FireDACIBDriver;dxSkinXmas2008BlueRS19;JvDB;JvRuntimeDesign;dxSkinValentineRS19;dxPScxSchedulerLnkRS19;dxSkinDarkSideRS19;JclDeveloperTools;dxSkinLondonLiquidSkyRS19;frxe19;dxBarExtDBItemsRS19;dxTabbedMDIRS19;ComDrv32;frxDB19;dxSkinOffice2013WhiteRS19;dxSkinSharpRS19;bindcompfmx;dxSkinBlueprintRS19;dxSkinOffice2007PinkRS19;vcldbx;cxExportRS19;FireDACODBCDriver;dxSkinCoffeeRS19;dbrtl;FireDACCommon;bindcomp;JvPluginSystem;dxSkinBlueRS19;dxServerModeRS19;JvCmp;vclFireDAC;dxSkinMoneyTwinsRS19;madDisAsm_;JvTimeFramework;xmlrtl;dxSkiniMaginaryRS19;ibxpress;cxPivotGridChartRS19;dxSkinOffice2007GreenRS19;FireDACCommonDriver;soaprtl;bindengine;vclactnband;FMXTee;dxRibbonRS19;VCL_Workaround_FastLineSeries;bindcompvcl;dxADOServerModeRS19;Jcl;vclie;dxPSdxLCLnkRS19;madExcept_;dxSkinBlackRS19;dxSkinOffice2010BlackRS19;dxSkinSevenClassicRS19;Intraweb;dsnapcon;dxSkinscxSchedulerPainterRS19;inet;dxSkinsdxNavBarPainterRS19;dxPSdxFCLnkRS19;JvPascalInterpreter;FireDACMySQLDriver;vclx;dxPSPrVwRibbonRS19;dxPSDBTeeChartRS19;RESTComponents;dxSkinLilianRS19;dxSkinscxPCPainterRS19;dbexpress;IndyIPClient;JvBDE;tmsdXE5;dxSkinSharpPlusRS19;dxPScxSSLnkRS19;dxPScxPivotGridLnkRS19;cxSchedulerTreeBrowserRS19;FireDACSqliteDriver;DBXSqliteDriver;dxPSdxDBTVLnkRS19;dxSkinOffice2007BlueRS19;cxDataRS19;cxLibraryRS19;fmx;JvDlgs;IndySystem;TeeDB;dxPsPrVwAdvRS19;dxSkinHighContrastRS19;vclib;inetdbbde;dxSkinOffice2010SilverRS19;dxmdsRS19;dxSkinsdxBarPainterRS19;MetropolisUILiveTile;dxPSdxOCLnkRS19;vcldsnap;fmxFireDAC;dxSkinDevExpressDarkStyleRS19;dxBarDBNavRS19;JvCore;vclribbon;dxSkinSilverRS19;dxSkinVS2010RS19;fmxase;vcl;dxPSdxDBOCLnkRS19;IndyIPCommon;CodeSiteExpressPkg;dxBarRS19;cxTreeListdxBarPopupMenuRS19;JvAppFrm;dxFireDACServerModeRS19;inetdbxpress;cxEditorsRS19;dxSkinMcSkinRS19;JvDocking;adortl;dxSkinOffice2007SilverRS19;JvWizards;madBasic_;FireDACASADriver;dxSkinSevenRS19;JvHMI;dxDBXServerModeRS19;dxLayoutControlRS19;dxPSTeeChartRS19;dxSkinWhiteprintRS19;fs19;JvBands;cxPageControlRS19;rtl;dcldxSkinsCoreRS19;DbxClientDriver;dxPScxGridLnkRS19;Tee;JclContainers;cxVerticalGridRS19;cxPageControldxBarPopupMenuRS19;JvSystem;svnui;dxSkinsdxRibbonPainterRS19;dxSkinSummer2008RS19;JvControls;dxSkinTheAsphaltWorldRS19;dxComnRS19;IndyProtocols;DBXMySQLDriver;cxPivotGridRS19;PKIEDB19;dxPSLnksRS19;tmsxlsdXE5;bindcompdbx;TeeUI;JvJans;JvPrintPreview;JvPageComps;dxSkinDarkRoomRS19;JvStdCtrls;JvCustom;dxSkinPumpkinRS19;dxBarExtItemsRS19;FireDACADSDriver;vcltouch;dxNavBarRS19;localizer19;fsTee19;VclSmp;FireDAC;VCLRESTComponents;dxGDIPlusRS19;dxCoreRS19;dxPScxVGridLnkRS19;dxPScxTLLnkRS19;dxSkinsCoreRS19;fmxobj;dxSkinGlassOceansRS19;JclVcl;dxPScxPCProdRS19;svn;dxSkinOffice2010BlueRS19;tmsexdXE5;fmxdae;dxorgcRS19;bdertl;dxSkinOffice2007BlackRS19;cxTreeListRS19;FireDACMSAccDriver;dxSkinDevExpressStyleRS19;dxSkinCaramelRS19;$(DCC_UsePackage)</DCC_UsePackage>
        <VerInfo_IncludeVerInfo>true</VerInfo_IncludeVerInfo>
    </PropertyGroup>
    <PropertyGroup Condition="'$(Base_Win64)'!=''">
        <DCC_Namespace>Winapi;System.Win;Data.Win;Datasnap.Win;Web.Win;Soap.Win;Xml.Win;$(DCC_Namespace)</DCC_Namespace>
        <Manifest_File>$(BDS)\bin\default_app.manifest</Manifest_File>
        <VerInfo_Locale>1033</VerInfo_Locale>
        <VerInfo_Keys>CompanyName=;FileDescription=;FileVersion=1.0.0.0;InternalName=;LegalCopyright=;LegalTrademarks=;OriginalFilename=;ProductName=;ProductVersion=1.0.0.0;Comments=</VerInfo_Keys>
        <DCC_UsePackage>dxSkinLiquidSkyRS19;cxBarEditItemRS19;FireDACPgDriver;dxWizardControlRS19;dxPScxCommonRS19;dxThemeRS19;cxGridRS19;dxPScxExtCommonRS19;DBXInterBaseDriver;DataSnapCommon;cxSchedulerRS19;DbxCommonDriver;vclimg;dbxcds;dxFlowChartRS19;dxSkinSpringTimeRS19;dxdbtrRS19;vcldb;dxDockingRS19;dxdborRS19;dxSkinsdxDLPainterRS19;cxSpreadSheetRS19;dxtrmdRS19;dxSpellCheckerRS19;CustomIPTransport;dxTileControlRS19;dsnap;IndyIPServer;dxSkinFoggyRS19;dxPSCoreRS19;IndyCore;cxSchedulerGridRS19;cxPivotGridOLAPRS19;dxSkinStardustRS19;CloudService;FmxTeeUI;FireDACIBDriver;dxSkinXmas2008BlueRS19;dxSkinValentineRS19;dxPScxSchedulerLnkRS19;dxSkinDarkSideRS19;dxSkinLondonLiquidSkyRS19;dxBarExtDBItemsRS19;dxTabbedMDIRS19;dxSkinOffice2013WhiteRS19;dxSkinSharpRS19;bindcompfmx;dxSkinBlueprintRS19;dxSkinOffice2007PinkRS19;cxExportRS19;FireDACODBCDriver;dxSkinCoffeeRS19;dbrtl;FireDACCommon;bindcomp;dxSkinBlueRS19;dxServerModeRS19;vclFireDAC;dxSkinMoneyTwinsRS19;xmlrtl;dxSkiniMaginaryRS19;ibxpress;cxPivotGridChartRS19;dxSkinOffice2007GreenRS19;FireDACCommonDriver;soaprtl;bindengine;vclactnband;FMXTee;dxRibbonRS19;bindcompvcl;dxADOServerModeRS19;vclie;dxPSdxLCLnkRS19;dxSkinBlackRS19;dxSkinOffice2010BlackRS19;dxSkinSevenClassicRS19;Intraweb;dsnapcon;dxSkinscxSchedulerPainterRS19;inet;dxSkinsdxNavBarPainterRS19;dxPSdxFCLnkRS19;FireDACMySQLDriver;vclx;dxPSPrVwRibbonRS19;dxPSDBTeeChartRS19;RESTComponents;dxSkinLilianRS19;dxSkinscxPCPainterRS19;dbexpress;IndyIPClient;tmsdXE5;dxSkinSharpPlusRS19;dxPScxSSLnkRS19;dxPScxPivotGridLnkRS19;cxSchedulerTreeBrowserRS19;FireDACSqliteDriver;DBXSqliteDriver;dxPSdxDBTVLnkRS19;dxSkinOffice2007BlueRS19;cxDataRS19;cxLibraryRS19;fmx;IndySystem;TeeDB;dxPsPrVwAdvRS19;dxSkinHighContrastRS19;vclib;dxSkinOffice2010SilverRS19;dxmdsRS19;dxSkinsdxBarPainterRS19;MetropolisUILiveTile;dxPSdxOCLnkRS19;vcldsnap;fmxFireDAC;dxSkinDevExpressDarkStyleRS19;dxBarDBNavRS19;vclribbon;dxSkinSilverRS19;dxSkinVS2010RS19;fmxase;vcl;dxPSdxDBOCLnkRS19;IndyIPCommon;dxBarRS19;cxTreeListdxBarPopupMenuRS19;dxFireDACServerModeRS19;inetdbxpress;cxEditorsRS19;dxSkinMcSkinRS19;adortl;dxSkinOffice2007SilverRS19;FireDACASADriver;dxSkinSevenRS19;dxDBXServerModeRS19;dxLayoutControlRS19;dxPSTeeChartRS19;dxSkinWhiteprintRS19;cxPageControlRS19;rtl;dcldxSkinsCoreRS19;DbxClientDriver;dxPScxGridLnkRS19;Tee;cxVerticalGridRS19;cxPageControldxBarPopupMenuRS19;dxSkinsdxRibbonPainterRS19;dxSkinSummer2008RS19;dxSkinTheAsphaltWorldRS19;dxComnRS19;IndyProtocols;DBXMySQLDriver;cxPivotGridRS19;dxPSLnksRS19;tmsxlsdXE5;bindcompdbx;TeeUI;dxSkinDarkRoomRS19;dxSkinPumpkinRS19;dxBarExtItemsRS19;FireDACADSDriver;vcltouch;dxNavBarRS19;VclSmp;FireDAC;VCLRESTComponents;dxGDIPlusRS19;dxCoreRS19;dxPScxVGridLnkRS19;dxPScxTLLnkRS19;dxSkinsCoreRS19;fmxobj;dxSkinGlassOceansRS19;dxPScxPCProdRS19;dxSkinOffice2010BlueRS19;tmsexdXE5;fmxdae;dxorgcRS19;dxSkinOffice2007BlackRS19;cxTreeListRS19;FireDACMSAccDriver;dxSkinDevExpressStyleRS19;dxSkinCaramelRS19;$(DCC_UsePackage)</DCC_UsePackage>
        <VerInfo_IncludeVerInfo>true</VerInfo_IncludeVerInfo>
    </PropertyGroup>
    <PropertyGroup Condition="'$(Cfg_1)'!=''">
        <DCC_Define>DEBUG;$(DCC_Define)</DCC_Define>
        <DCC_DebugDCUs>true</DCC_DebugDCUs>
        <DCC_Optimize>false</DCC_Optimize>
        <DCC_GenerateStackFrames>true</DCC_GenerateStackFrames>
        <DCC_DebugInfoInExe>true</DCC_DebugInfoInExe>
        <DCC_RemoteDebug>true</DCC_RemoteDebug>
    </PropertyGroup>
    <PropertyGroup Condition="'$(Cfg_1_Win32)'!=''">
        <DCC_RemoteDebug>false</DCC_RemoteDebug>
    </PropertyGroup>
    <PropertyGroup Condition="'$(Cfg_1_Win64)'!=''">
        <VerInfo_MinorVer>1</VerInfo_MinorVer>
        <VerInfo_IncludeVerInfo>true</VerInfo_IncludeVerInfo>
        <VerInfo_MajorVer>3</VerInfo_MajorVer>
        <VerInfo_Locale>1033</VerInfo_Locale>
        <VerInfo_Keys>CompanyName=;FileDescription=;FileVersion=3.1.0.0;InternalName=;LegalCopyright=;LegalTrademarks=;OriginalFilename=;ProductName=;ProductVersion=1.0.0.0;Comments=</VerInfo_Keys>
    </PropertyGroup>
    <PropertyGroup Condition="'$(Cfg_2)'!=''">
        <DCC_LocalDebugSymbols>false</DCC_LocalDebugSymbols>
        <DCC_Define>RELEASE;$(DCC_Define)</DCC_Define>
        <DCC_SymbolReferenceInfo>0</DCC_SymbolReferenceInfo>
        <DCC_DebugInformation>0</DCC_DebugInformation>
    </PropertyGroup>
    <PropertyGroup Condition="'$(Cfg_2_Win64)'!=''">
        <VerInfo_Locale>1033</VerInfo_Locale>
        <VerInfo_MinorVer>1</VerInfo_MinorVer>
        <VerInfo_IncludeVerInfo>true</VerInfo_IncludeVerInfo>
        <VerInfo_Keys>CompanyName=;FileDescription=;FileVersion=1.1.0.0;InternalName=;LegalCopyright=;LegalTrademarks=;OriginalFilename=;ProductName=;ProductVersion=1.0.0.0;Comments=</VerInfo_Keys>
    </PropertyGroup>
    <ItemGroup>
        <DelphiCompile Include="$(MainSource)">
            <MainSource>MainSource</MainSource>
        </DelphiCompile>
        <DCCReference Include="UMain.pas">
            <Form>FormMain</Form>
            <FormType>dfm</FormType>
        </DCCReference>
        <DCCReference Include="UMergeForm.pas">
            <Form>FormMerge</Form>
            <FormType>dfm</FormType>
        </DCCReference>
        <DCCReference Include="UHistForm.pas">
            <Form>FormHist</Form>
            <FormType>dfm</FormType>
        </DCCReference>
        <DCCReference Include="..\_ortak\UBlobColoring.pas"/>
        <DCCReference Include="..\_ortak\UGrayImage.pas"/>
        <DCCReference Include="..\_ortak\UThresholding.pas"/>
        <BuildConfiguration Include="Release">
            <Key>Cfg_2</Key>
            <CfgParent>Base</CfgParent>
        </BuildConfiguration>
        <BuildConfiguration Include="Base">
            <Key>Base</Key>
        </BuildConfiguration>
        <BuildConfiguration Include="Debug">
            <Key>Cfg_1</Key>
            <CfgParent>Base</CfgParent>
        </BuildConfiguration>
    </ItemGroup>
    <ProjectExtensions>
        <Borland.Personality>Delphi.Personality.12</Borland.Personality>
        <Borland.ProjectType/>
        <BorlandProject>
            <Delphi.Personality>
                <VersionInfo>
                    <VersionInfo Name="IncludeVerInfo">False</VersionInfo>
                    <VersionInfo Name="AutoIncBuild">False</VersionInfo>
                    <VersionInfo Name="MajorVer">1</VersionInfo>
                    <VersionInfo Name="MinorVer">0</VersionInfo>
                    <VersionInfo Name="Release">0</VersionInfo>
                    <VersionInfo Name="Build">0</VersionInfo>
                    <VersionInfo Name="Debug">False</VersionInfo>
                    <VersionInfo Name="PreRelease">False</VersionInfo>
                    <VersionInfo Name="Special">False</VersionInfo>
                    <VersionInfo Name="Private">False</VersionInfo>
                    <VersionInfo Name="DLL">False</VersionInfo>
                    <VersionInfo Name="Locale">1055</VersionInfo>
                    <VersionInfo Name="CodePage">1254</VersionInfo>
                </VersionInfo>
                <VersionInfoKeys>
                    <VersionInfoKeys Name="CompanyName"/>
                    <VersionInfoKeys Name="FileDescription"/>
                    <VersionInfoKeys Name="FileVersion">1.0.0.0</VersionInfoKeys>
                    <VersionInfoKeys Name="InternalName"/>
                    <VersionInfoKeys Name="LegalCopyright"/>
                    <VersionInfoKeys Name="LegalTrademarks"/>
                    <VersionInfoKeys Name="OriginalFilename"/>
                    <VersionInfoKeys Name="ProductName"/>
                    <VersionInfoKeys Name="ProductVersion">1.0.0.0</VersionInfoKeys>
                    <VersionInfoKeys Name="Comments"/>
                    <VersionInfoKeys Name="CFBundleName"/>
                    <VersionInfoKeys Name="CFBundleDisplayName"/>
                    <VersionInfoKeys Name="UIDeviceFamily"/>
                    <VersionInfoKeys Name="CFBundleIdentifier"/>
                    <VersionInfoKeys Name="CFBundleVersion"/>
                    <VersionInfoKeys Name="CFBundlePackageType"/>
                    <VersionInfoKeys Name="CFBundleSignature"/>
                    <VersionInfoKeys Name="CFBundleAllowMixedLocalizations"/>
                    <VersionInfoKeys Name="UISupportedInterfaceOrientations"/>
                    <VersionInfoKeys Name="CFBundleExecutable"/>
                    <VersionInfoKeys Name="CFBundleResourceSpecification"/>
                    <VersionInfoKeys Name="LSRequiresIPhoneOS"/>
                    <VersionInfoKeys Name="CFBundleInfoDictionaryVersion"/>
                    <VersionInfoKeys Name="CFBundleDevelopmentRegion"/>
                    <VersionInfoKeys Name="package"/>
                    <VersionInfoKeys Name="label"/>
                    <VersionInfoKeys Name="versionCode"/>
                    <VersionInfoKeys Name="versionName"/>
                    <VersionInfoKeys Name="persistent"/>
                    <VersionInfoKeys Name="restoreAnyVersion"/>
                    <VersionInfoKeys Name="installLocation"/>
                    <VersionInfoKeys Name="largeHeap"/>
                    <VersionInfoKeys Name="theme"/>
                </VersionInfoKeys>
                <Source>
                    <Source Name="MainSource">MiyelinMarking.dpr</Source>
                </Source>
                <Excluded_Packages>
                    <Excluded_Packages Name="$(BDSBIN)\dcloffice2k190.bpl">Microsoft Office 2000 Sample Automation Server Wrapper Components</Excluded_Packages>
                    <Excluded_Packages Name="$(BDSBIN)\dclofficexp190.bpl">Microsoft Office XP Sample Automation Server Wrapper Components</Excluded_Packages>
                    <Excluded_Packages Name="C:\Program Files (x86)\FastReports\FastReport 4\LibD19\dclfs19.bpl">FastScript 1.9 Components</Excluded_Packages>
                    <Excluded_Packages Name="C:\Program Files (x86)\FastReports\FastReport 4\LibD19\dclfrxcs19.bpl">FastReport 4.0 Client/Server Components</Excluded_Packages>
                    <Excluded_Packages Name="C:\Program Files (x86)\FastReports\FastReport 4\LibD19\dclfsDB19.bpl">FastScript 1.9 DB Components</Excluded_Packages>
                    <Excluded_Packages Name="C:\Program Files (x86)\FastReports\FastReport 4\LibD19\dclfsbde19.bpl">FastScript 1.9 BDE Components</Excluded_Packages>
                    <Excluded_Packages Name="C:\Program Files (x86)\FastReports\FastReport 4\LibD19\dclfrxbde19.bpl">FastReport 4.0 BDE Components</Excluded_Packages>
                    <Excluded_Packages Name="C:\Program Files (x86)\FastReports\FastReport 4\LibD19\dclfsado19.bpl">FastScript 1.9 ADO Components</Excluded_Packages>
                    <Excluded_Packages Name="C:\Program Files (x86)\FastReports\FastReport 4\LibD19\dclfrxado19.bpl">FastReport 4.0 ADO Components</Excluded_Packages>
                    <Excluded_Packages Name="C:\Program Files (x86)\FastReports\FastReport 4\LibD19\dclfsibx19.bpl">FastScript 1.9 IBX Components</Excluded_Packages>
                    <Excluded_Packages Name="C:\Program Files (x86)\FastReports\FastReport 4\LibD19\dclfrxibx19.bpl">FastReport 4.0 IBX Components</Excluded_Packages>
                </Excluded_Packages>
            </Delphi.Personality>
            <Deployment/>
            <Platforms>
                <Platform value="Win32">True</Platform>
                <Platform value="Win64">True</Platform>
            </Platforms>
        </BorlandProject>
        <ProjectFileVersion>12</ProjectFileVersion>
    </ProjectExtensions>
    <Import Project="$(BDS)\Bin\CodeGear.Delphi.Targets" Condition="Exists('$(BDS)\Bin\CodeGear.Delphi.Targets')"/>
    <Import Project="$(APPDATA)\Embarcadero\$(BDSAPPDATABASEDIR)\$(PRODUCTVERSION)\UserTools.proj" Condition="Exists('$(APPDATA)\Embarcadero\$(BDSAPPDATABASEDIR)\$(PRODUCTVERSION)\UserTools.proj')"/>
</Project>
